// !$*UTF8*$!
{
	archiveVersion = 1;
	classes = {
	};
	objectVersion = 50;
	objects = {

/* Begin PBXBuildFile section */
		5C0C5A5021444E1E00B7933D /* AppDelegate.swift in Sources */ = {isa = PBXBuildFile; fileRef = 5C0C5A4F21444E1E00B7933D /* AppDelegate.swift */; };
		5C0C5A5221444E1E00B7933D /* RedViewController.swift in Sources */ = {isa = PBXBuildFile; fileRef = 5C0C5A5121444E1E00B7933D /* RedViewController.swift */; };
		5C0C5A5521444E1E00B7933D /* Main.storyboard in Resources */ = {isa = PBXBuildFile; fileRef = 5C0C5A5321444E1E00B7933D /* Main.storyboard */; };
		5C0C5A5721444E2000B7933D /* Assets.xcassets in Resources */ = {isa = PBXBuildFile; fileRef = 5C0C5A5621444E2000B7933D /* Assets.xcassets */; };
		5C0C5A5A21444E2000B7933D /* LaunchScreen.storyboard in Resources */ = {isa = PBXBuildFile; fileRef = 5C0C5A5821444E2000B7933D /* LaunchScreen.storyboard */; };
		5C0C5A62214452D100B7933D /* Log.swift in Sources */ = {isa = PBXBuildFile; fileRef = 5C0C5A61214452D100B7933D /* Log.swift */; };
/* End PBXBuildFile section */

/* Begin PBXFileReference section */
		5C0C5A4C21444E1E00B7933D /* VC Life Cycle HW.app */ = {isa = PBXFileReference; explicitFileType = wrapper.application; includeInIndex = 0; path = "VC Life Cycle HW.app"; sourceTree = BUILT_PRODUCTS_DIR; };
		5C0C5A4F21444E1E00B7933D /* AppDelegate.swift */ = {isa = PBXFileReference; lastKnownFileType = sourcecode.swift; path = AppDelegate.swift; sourceTree = "<group>"; };
		5C0C5A5121444E1E00B7933D /* RedViewController.swift */ = {isa = PBXFileReference; lastKnownFileType = sourcecode.swift; path = RedViewController.swift; sourceTree = "<group>"; };
		5C0C5A5421444E1E00B7933D /* Base */ = {isa = PBXFileReference; lastKnownFileType = file.storyboard; name = Base; path = Base.lproj/Main.storyboard; sourceTree = "<group>"; };
		5C0C5A5621444E2000B7933D /* Assets.xcassets */ = {isa = PBXFileReference; lastKnownFileType = folder.assetcatalog; path = Assets.xcassets; sourceTree = "<group>"; };
		5C0C5A5921444E2000B7933D /* Base */ = {isa = PBXFileReference; lastKnownFileType = file.storyboard; name = Base; path = Base.lproj/LaunchScreen.storyboard; sourceTree = "<group>"; };
		5C0C5A5B21444E2000B7933D /* Info.plist */ = {isa = PBXFileReference; lastKnownFileType = text.plist.xml; path = Info.plist; sourceTree = "<group>"; };
		5C0C5A61214452D100B7933D /* Log.swift */ = {isa = PBXFileReference; lastKnownFileType = sourcecode.swift; path = Log.swift; sourceTree = "<group>"; };
/* End PBXFileReference section */

/* Begin PBXFrameworksBuildPhase section */
		5C0C5A4921444E1E00B7933D /* Frameworks */ = {
			isa = PBXFrameworksBuildPhase;
			buildActionMask = 2147483647;
			files = (
			);
			runOnlyForDeploymentPostprocessing = 0;
		};
/* End PBXFrameworksBuildPhase section */

/* Begin PBXGroup section */
		5C0C5A4321444E1E00B7933D = {
			isa = PBXGroup;
			children = (
				5C0C5A4E21444E1E00B7933D /* VC Life Cycle HW */,
				5C0C5A4D21444E1E00B7933D /* Products */,
			);
			sourceTree = "<group>";
		};
		5C0C5A4D21444E1E00B7933D /* Products */ = {
			isa = PBXGroup;
			children = (
				5C0C5A4C21444E1E00B7933D /* VC Life Cycle HW.app */,
			);
			name = Products;
			sourceTree = "<group>";
		};
		5C0C5A4E21444E1E00B7933D /* VC Life Cycle HW */ = {
			isa = PBXGroup;
			children = (
				5C0C5A4F21444E1E00B7933D /* AppDelegate.swift */,
				5C0C5A61214452D100B7933D /* Log.swift */,
				5C0C5A5121444E1E00B7933D /* RedViewController.swift */,
				5C0C5A5321444E1E00B7933D /* Main.storyboard */,
				5C0C5A5621444E2000B7933D /* Assets.xcassets */,
				5C0C5A5821444E2000B7933D /* LaunchScreen.storyboard */,
				5C0C5A5B21444E2000B7933D /* Info.plist */,
			);
			path = "VC Life Cycle HW";
			sourceTree = "<group>";
		};
/* End PBXGroup section */

/* Begin PBXNativeTarget section */
		5C0C5A4B21444E1E00B7933D /* VC Life Cycle HW */ = {
			isa = PBXNativeTarget;
			buildConfigurationList = 5C0C5A5E21444E2000B7933D /* Build configuration list for PBXNativeTarget "VC Life Cycle HW" */;
			buildPhases = (
				5C0C5A4821444E1E00B7933D /* Sources */,
				5C0C5A4921444E1E00B7933D /* Frameworks */,
				5C0C5A4A21444E1E00B7933D /* Resources */,
			);
			buildRules = (
			);
			dependencies = (
			);
			name = "VC Life Cycle HW";
			productName = "VC Life Cycle HW";
			productReference = 5C0C5A4C21444E1E00B7933D /* VC Life Cycle HW.app */;
			productType = "com.apple.product-type.application";
		};
/* End PBXNativeTarget section */

/* Begin PBXProject section */
		5C0C5A4421444E1E00B7933D /* Project object */ = {
			isa = PBXProject;
			attributes = {
				LastSwiftUpdateCheck = 0940;
				LastUpgradeCheck = 0940;
				ORGANIZATIONNAME = "Evgeniy Ryshkov";
				TargetAttributes = {
					5C0C5A4B21444E1E00B7933D = {
						CreatedOnToolsVersion = 9.4.1;
					};
				};
			};
			buildConfigurationList = 5C0C5A4721444E1E00B7933D /* Build configuration list for PBXProject "VC Life Cycle HW" */;
			compatibilityVersion = "Xcode 9.3";
			developmentRegion = en;
			hasScannedForEncodings = 0;
			knownRegions = (
				en,
				Base,
			);
			mainGroup = 5C0C5A4321444E1E00B7933D;
			productRefGroup = 5C0C5A4D21444E1E00B7933D /* Products */;
			projectDirPath = "";
			projectRoot = "";
			targets = (
				5C0C5A4B21444E1E00B7933D /* VC Life Cycle HW */,
			);
		};
/* End PBXProject section */

/* Begin PBXResourcesBuildPhase section */
		5C0C5A4A21444E1E00B7933D /* Resources */ = {
			isa = PBXResourcesBuildPhase;
			buildActionMask = 2147483647;
			files = (
				5C0C5A5A21444E2000B7933D /* LaunchScreen.storyboard in Resources */,
				5C0C5A5721444E2000B7933D /* Assets.xcassets in Resources */,
				5C0C5A5521444E1E00B7933D /* Main.storyboard in Resources */,
			);
			runOnlyForDeploymentPostprocessing = 0;
		};
/* End PBXResourcesBuildPhase section */

/* Begin PBXSourcesBuildPhase section */
		5C0C5A4821444E1E00B7933D /* Sources */ = {
			isa = PBXSourcesBuildPhase;
			buildActionMask = 2147483647;
			files = (
				5C0C5A5221444E1E00B7933D /* RedViewController.swift in Sources */,
				5C0C5A5021444E1E00B7933D /* AppDelegate.swift in Sources */,
				5C0C5A62214452D100B7933D /* Log.swift in Sources */,
			);
			runOnlyForDeploymentPostprocessing = 0;
		};
/* End PBXSourcesBuildPhase section */

/* Begin PBXVariantGroup section */
		5C0C5A5321444E1E00B7933D /* Main.storyboard */ = {
			isa = PBXVariantGroup;
			children = (
				5C0C5A5421444E1E00B7933D /* Base */,
			);
			name = Main.storyboard;
			sourceTree = "<group>";
		};
		5C0C5A5821444E2000B7933D /* LaunchScreen.storyboard */ = {
			isa = PBXVariantGroup;
			children = (
				5C0C5A5921444E2000B7933D /* Base */,
			);
			name = LaunchScreen.storyboard;
			sourceTree = "<group>";
		};
/* End PBXVariantGroup section */

/* Begin XCBuildConfiguration section */
		5C0C5A5C21444E2000B7933D /* Debug */ = {
			isa = XCBuildConfiguration;
			buildSettings = {
				ALWAYS_SEARCH_USER_PATHS = NO;
				CLANG_ANALYZER_NONNULL = YES;
				CLANG_ANALYZER_NUMBER_OBJECT_CONVERSION = YES_AGGRESSIVE;
				CLANG_CXX_LANGUAGE_STANDARD = "gnu++14";
				CLANG_CXX_LIBRARY = "libc++";
				CLANG_ENABLE_MODULES = YES;
				CLANG_ENABLE_OBJC_ARC = YES;
				CLANG_ENABLE_OBJC_WEAK = YES;
				CLANG_WARN_BLOCK_CAPTURE_AUTORELEASING = YES;
				CLANG_WARN_BOOL_CONVERSION = YES;
				CLANG_WARN_COMMA = YES;
				CLANG_WARN_CONSTANT_CONVERSION = YES;
				CLANG_WARN_DEPRECATED_OBJC_IMPLEMENTATIONS = YES;
				CLANG_WARN_DIRECT_OBJC_ISA_USAGE = YES_ERROR;
				CLANG_WARN_DOCUMENTATION_COMMENTS = YES;
				CLANG_WARN_EMPTY_BODY = YES;
				CLANG_WARN_ENUM_CONVERSION = YES;
				CLANG_WARN_INFINITE_RECURSION = YES;
				CLANG_WARN_INT_CONVERSION = YES;
				CLANG_WARN_NON_LITERAL_NULL_CONVERSION = YES;
				CLANG_WARN_OBJC_IMPLICIT_RETAIN_SELF = YES;
				CLANG_WARN_OBJC_LITERAL_CONVERSION = YES;
				CLANG_WARN_OBJC_ROOT_CLASS = YES_ERROR;
				CLANG_WARN_RANGE_LOOP_ANALYSIS = YES;
				CLANG_WARN_STRICT_PROTOTYPES = YES;
				CLANG_WARN_SUSPICIOUS_MOVE = YES;
				CLANG_WARN_UNGUARDED_AVAILABILITY = YES_AGGRESSIVE;
				CLANG_WARN_UNREACHABLE_CODE = YES;
				CLANG_WARN__DUPLICATE_METHOD_MATCH = YES;
				CODE_SIGN_IDENTITY = "iPhone Developer";
				COPY_PHASE_STRIP = NO;
				DEBUG_INFORMATION_FORMAT = dwarf;
				ENABLE_STRICT_OBJC_MSGSEND = YES;
				ENABLE_TESTABILITY = YES;
				GCC_C_LANGUAGE_STANDARD = gnu11;
				GCC_DYNAMIC_NO_PIC = NO;
				GCC_NO_COMMON_BLOCKS = YES;
				GCC_OPTIMIZATION_LEVEL = 0;
				GCC_PREPROCESSOR_DEFINITIONS = (
					"DEBUG=1",
					"$(inherited)",
				);
				GCC_WARN_64_TO_32_BIT_CONVERSION = YES;
				GCC_WARN_ABOUT_RETURN_TYPE = YES_ERROR;
				GCC_WARN_UNDECLARED_SELECTOR = YES;
				GCC_WARN_UNINITIALIZED_AUTOS = YES_AGGRESSIVE;
				GCC_WARN_UNUSED_FUNCTION = YES;
				GCC_WARN_UNUSED_VARIABLE = YES;
				IPHONEOS_DEPLOYMENT_TARGET = 11.4;
				MTL_ENABLE_DEBUG_INFO = YES;
				ONLY_ACTIVE_ARCH = YES;
				SDKROOT = iphoneos;
				SWIFT_ACTIVE_COMPILATION_CONDITIONS = DEBUG;
				SWIFT_OPTIMIZATION_LEVEL = "-Onone";
			};
			name = Debug;
		};
		5C0C5A5D21444E2000B7933D /* Release */ = {
			isa = XCBuildConfiguration;
			buildSettings = {
				ALWAYS_SEARCH_USER_PATHS = NO;
				CLANG_ANALYZER_NONNULL = YES;
				CLANG_ANALYZER_NUMBER_OBJECT_CONVERSION = YES_AGGRESSIVE;
				CLANG_CXX_LANGUAGE_STANDARD = "gnu++14";
				CLANG_CXX_LIBRARY = "libc++";
				CLANG_ENABLE_MODULES = YES;
				CLANG_ENABLE_OBJC_ARC = YES;
				CLANG_ENABLE_OBJC_WEAK = YES;
				CLANG_WARN_BLOCK_CAPTURE_AUTORELEASING = YES;
				CLANG_WARN_BOOL_CONVERSION = YES;
				CLANG_WARN_COMMA = YES;
				CLANG_WARN_CONSTANT_CONVERSION = YES;
				CLANG_WARN_DEPRECATED_OBJC_IMPLEMENTATIONS = YES;
				CLANG_WARN_DIRECT_OBJC_ISA_USAGE = YES_ERROR;
				CLANG_WARN_DOCUMENTATION_COMMENTS = YES;
				CLANG_WARN_EMPTY_BODY = YES;
				CLANG_WARN_ENUM_CONVERSION = YES;
				CLANG_WARN_INFINITE_RECURSION = YES;
				CLANG_WARN_INT_CONVERSION = YES;
				CLANG_WARN_NON_LITERAL_NULL_CONVERSION = YES;
				CLANG_WARN_OBJC_IMPLICIT_RETAIN_SELF = YES;
				CLANG_WARN_OBJC_LITERAL_CONVERSION = YES;
				CLANG_WARN_OBJC_ROOT_CLASS = YES_ERROR;
				CLANG_WARN_RANGE_LOOP_ANALYSIS = YES;
				CLANG_WARN_STRICT_PROTOTYPES = YES;
				CLANG_WARN_SUSPICIOUS_MOVE = YES;
				CLANG_WARN_UNGUARDED_AVAILABILITY = YES_AGGRESSIVE;
				CLANG_WARN_UNREACHABLE_CODE = YES;
				CLANG_WARN__DUPLICATE_METHOD_MATCH = YES;
				CODE_SIGN_IDENTITY = "iPhone Developer";
				COPY_PHASE_STRIP = NO;
				DEBUG_INFORMATION_FORMAT = "dwarf-with-dsym";
				ENABLE_NS_ASSERTIONS = NO;
				ENABLE_STRICT_OBJC_MSGSEND = YES;
				GCC_C_LANGUAGE_STANDARD = gnu11;
				GCC_NO_COMMON_BLOCKS = YES;
				GCC_WARN_64_TO_32_BIT_CONVERSION = YES;
				GCC_WARN_ABOUT_RETURN_TYPE = YES_ERROR;
				GCC_WARN_UNDECLARED_SELECTOR = YES;
				GCC_WARN_UNINITIALIZED_AUTOS = YES_AGGRESSIVE;
				GCC_WARN_UNUSED_FUNCTION = YES;
				GCC_WARN_UNUSED_VARIABLE = YES;
				IPHONEOS_DEPLOYMENT_TARGET = 11.4;
				MTL_ENABLE_DEBUG_INFO = NO;
				SDKROOT = iphoneos;
				SWIFT_COMPILATION_MODE = wholemodule;
				SWIFT_OPTIMIZATION_LEVEL = "-O";
				VALIDATE_PRODUCT = YES;
			};
			name = Release;
		};
		5C0C5A5F21444E2000B7933D /* Debug */ = {
			isa = XCBuildConfiguration;
			buildSettings = {
				ASSETCATALOG_COMPILER_APPICON_NAME = AppIcon;
				CODE_SIGN_STYLE = Manual;
				DEVELOPMENT_TEAM = L2PMLV77L3;
				INFOPLIST_FILE = "VC Life Cycle HW/Info.plist";
				LD_RUNPATH_SEARCH_PATHS = (
					"$(inherited)",
					"@executable_path/Frameworks",
				);
				PRODUCT_BUNDLE_IDENTIFIER = "com.starapplic7.first1.VC-Life-Cycle-HW";
				PRODUCT_NAME = "$(TARGET_NAME)";
				PROVISIONING_PROFILE = "fec117fc-2f2e-4cf2-adc5-1f59288062cd";
				PROVISIONING_PROFILE_SPECIFIER = 8b1759d59c557b10982ce1246caf2d5a38c6a6c1;
				SWIFT_VERSION = 4.0;
				TARGETED_DEVICE_FAMILY = "1,2";
			};
			name = Debug;
		};
		5C0C5A6021444E2000B7933D /* Release */ = {
			isa = XCBuildConfiguration;
			buildSettings = {
				ASSETCATALOG_COMPILER_APPICON_NAME = AppIcon;
				CODE_SIGN_STYLE = Manual;
				DEVELOPMENT_TEAM = L2PMLV77L3;
				INFOPLIST_FILE = "VC Life Cycle HW/Info.plist";
				LD_RUNPATH_SEARCH_PATHS = (
					"$(inherited)",
					"@executable_path/Frameworks",
				);
				PRODUCT_BUNDLE_IDENTIFIER = "com.starapplic7.first1.VC-Life-Cycle-HW";
				PRODUCT_NAME = "$(TARGET_NAME)";
				PROVISIONING_PROFILE = "fec117fc-2f2e-4cf2-adc5-1f59288062cd";
				PROVISIONING_PROFILE_SPECIFIER = 8b1759d59c557b10982ce1246caf2d5a38c6a6c1;
				SWIFT_VERSION = 4.0;
				TARGETED_DEVICE_FAMILY = "1,2";
			};
			name = Release;
		};
/* End XCBuildConfiguration section */

/* Begin XCConfigurationList section */
		5C0C5A4721444E1E00B7933D /* Build configuration list for PBXProject "VC Life Cycle HW" */ = {
			isa = XCConfigurationList;
			buildConfigurations = (
				5C0C5A5C21444E2000B7933D /* Debug */,
				5C0C5A5D21444E2000B7933D /* Release */,
			);
			defaultConfigurationIsVisible = 0;
			defaultConfigurationName = Release;
		};
		5C0C5A5E21444E2000B7933D /* Build configuration list for PBXNativeTarget "VC Life Cycle HW" */ = {
			isa = XCConfigurationList;
			buildConfigurations = (
				5C0C5A5F21444E2000B7933D /* Debug */,
				5C0C5A6021444E2000B7933D /* Release */,
			);
			defaultConfigurationIsVisible = 0;
			defaultConfigurationName = Release;
		};
/* End XCConfigurationList section */
	};
	rootObject = 5C0C5A4421444E1E00B7933D /* Project object */;
}
